
Microsoft Visual Studio Solution File, Format Version 12.00
# Visual Studio 14
VisualStudioVersion = 14.0.25123.0
MinimumVisualStudioVersion = 10.0.40219.1
Project("{E24C65DC-7377-472B-9ABA-BC803B73C61A}") = "AudioGame(1)", ".", "{01FDCDEC-3AC2-4685-BEC4-3315035013BA}"
	ProjectSection(WebsiteProperties) = preProject
		TargetFrameworkMoniker = ".NETFramework,Version%3Dv4.0"
		Debug.AspNetCompiler.VirtualPath = "/localhost_51738"
		Debug.AspNetCompiler.PhysicalPath = "E:\PROJECTS\AudioGame\"
		Debug.AspNetCompiler.TargetPath = "PrecompiledWeb\localhost_51738\"
		Debug.AspNetCompiler.Updateable = "true"
		Debug.AspNetCompiler.ForceOverwrite = "true"
		Debug.AspNetCompiler.FixedNames = "false"
		Debug.AspNetCompiler.Debug = "True"
		Release.AspNetCompiler.VirtualPath = "/localhost_51738"
		Release.AspNetCompiler.PhysicalPath = "E:\PROJECTS\AudioGame\"
		Release.AspNetCompiler.TargetPath = "PrecompiledWeb\localhost_51738\"
		Release.AspNetCompiler.Updateable = "true"
		Release.AspNetCompiler.ForceOverwrite = "true"
		Release.AspNetCompiler.FixedNames = "false"
		Release.AspNetCompiler.Debug = "False"
		VWDPort = "51738"
	EndProjectSection
EndProject
Global
	GlobalSection(SolutionConfigurationPlatforms) = preSolution
		Debug|Any CPU = Debug|Any CPU
	EndGlobalSection
	GlobalSection(ProjectConfigurationPlatforms) = postSolution
		{01FDCDEC-3AC2-4685-BEC4-3315035013BA}.Debug|Any CPU.ActiveCfg = Debug|Any CPU
		{01FDCDEC-3AC2-4685-BEC4-3315035013BA}.Debug|Any CPU.Build.0 = Debug|Any CPU
	EndGlobalSection
	GlobalSection(SolutionProperties) = preSolution
		HideSolutionNode = FALSE
	EndGlobalSection
EndGlobal
